
Microsoft Visual Studio Solution File, Format Version 12.00
# Visual Studio Version 16
VisualStudioVersion = 16.0.29613.14
MinimumVisualStudioVersion = 10.0.40219.1
Project("{151D2E53-A2C4-4D7D-83FE-D05416EBD58E}") = "DeployAzureVM", "DeployAzureVM\DeployAzureVM.deployproj", "{39BAB1F8-04F0-4286-84A9-0D014814DCCC}"
EndProject
Global
	GlobalSection(SolutionConfigurationPlatforms) = preSolution
		Debug|Any CPU = Debug|Any CPU
		Release|Any CPU = Release|Any CPU
	EndGlobalSection
	GlobalSection(ProjectConfigurationPlatforms) = postSolution
		{39BAB1F8-04F0-4286-84A9-0D014814DCCC}.Debug|Any CPU.ActiveCfg = Debug|Any CPU
		{39BAB1F8-04F0-4286-84A9-0D014814DCCC}.Debug|Any CPU.Build.0 = Debug|Any CPU
		{39BAB1F8-04F0-4286-84A9-0D014814DCCC}.Release|Any CPU.ActiveCfg = Release|Any CPU
		{39BAB1F8-04F0-4286-84A9-0D014814DCCC}.Release|Any CPU.Build.0 = Release|Any CPU
	EndGlobalSection
	GlobalSection(SolutionProperties) = preSolution
		HideSolutionNode = FALSE
	EndGlobalSection
	GlobalSection(ExtensibilityGlobals) = postSolution
		SolutionGuid = {1F6DED0A-E087-458C-8CB8-46829FFFE860}
	EndGlobalSection
EndGlobal
